
Microsoft Visual Studio Solution File, Format Version 12.00
# Visual Studio Version 16
VisualStudioVersion = 16.0.31911.196
MinimumVisualStudioVersion = 10.0.40219.1
Project("{FAE04EC0-301F-11D3-BF4B-00C04F79EFBC}") = "12) Století", "12) Století.csproj", "{799B68FF-1CD1-4C74-9D7F-7B27CFE3A051}"
EndProject
Global
	GlobalSection(SolutionConfigurationPlatforms) = preSolution
		Debug|Any CPU = Debug|Any CPU
		Release|Any CPU = Release|Any CPU
	EndGlobalSection
	GlobalSection(ProjectConfigurationPlatforms) = postSolution
		{799B68FF-1CD1-4C74-9D7F-7B27CFE3A051}.Debug|Any CPU.ActiveCfg = Debug|Any CPU
		{799B68FF-1CD1-4C74-9D7F-7B27CFE3A051}.Debug|Any CPU.Build.0 = Debug|Any CPU
		{799B68FF-1CD1-4C74-9D7F-7B27CFE3A051}.Release|Any CPU.ActiveCfg = Release|Any CPU
		{799B68FF-1CD1-4C74-9D7F-7B27CFE3A051}.Release|Any CPU.Build.0 = Release|Any CPU
	EndGlobalSection
	GlobalSection(SolutionProperties) = preSolution
		HideSolutionNode = FALSE
	EndGlobalSection
	GlobalSection(ExtensibilityGlobals) = postSolution
		SolutionGuid = {E6CECE1F-E6CC-4F9E-B26C-5928943D366F}
	EndGlobalSection
EndGlobal
