
Microsoft Visual Studio Solution File, Format Version 12.00
# Visual Studio Version 16
VisualStudioVersion = 16.0.31613.86
MinimumVisualStudioVersion = 10.0.40219.1
Project("{FAE04EC0-301F-11D3-BF4B-00C04F79EFBC}") = "AnalyzaCisla", "AnalyzaCisla\AnalyzaCisla.csproj", "{5F198B83-3D70-44C2-AB83-456565D2E8CB}"
EndProject
Global
	GlobalSection(SolutionConfigurationPlatforms) = preSolution
		Debug|Any CPU = Debug|Any CPU
		Release|Any CPU = Release|Any CPU
	EndGlobalSection
	GlobalSection(ProjectConfigurationPlatforms) = postSolution
		{5F198B83-3D70-44C2-AB83-456565D2E8CB}.Debug|Any CPU.ActiveCfg = Debug|Any CPU
		{5F198B83-3D70-44C2-AB83-456565D2E8CB}.Debug|Any CPU.Build.0 = Debug|Any CPU
		{5F198B83-3D70-44C2-AB83-456565D2E8CB}.Release|Any CPU.ActiveCfg = Release|Any CPU
		{5F198B83-3D70-44C2-AB83-456565D2E8CB}.Release|Any CPU.Build.0 = Release|Any CPU
	EndGlobalSection
	GlobalSection(SolutionProperties) = preSolution
		HideSolutionNode = FALSE
	EndGlobalSection
	GlobalSection(ExtensibilityGlobals) = postSolution
		SolutionGuid = {DEDF893B-24A4-4852-96B7-CC6FFB57C87D}
	EndGlobalSection
EndGlobal
