
Microsoft Visual Studio Solution File, Format Version 12.00
# Visual Studio Version 16
VisualStudioVersion = 16.0.31613.86
MinimumVisualStudioVersion = 10.0.40219.1
Project("{FAE04EC0-301F-11D3-BF4B-00C04F79EFBC}") = "Export", "Export\Export.csproj", "{8B5E3C16-F8A5-4322-9465-700097FDBADB}"
EndProject
Global
	GlobalSection(SolutionConfigurationPlatforms) = preSolution
		Debug|Any CPU = Debug|Any CPU
		Release|Any CPU = Release|Any CPU
	EndGlobalSection
	GlobalSection(ProjectConfigurationPlatforms) = postSolution
		{8B5E3C16-F8A5-4322-9465-700097FDBADB}.Debug|Any CPU.ActiveCfg = Debug|Any CPU
		{8B5E3C16-F8A5-4322-9465-700097FDBADB}.Debug|Any CPU.Build.0 = Debug|Any CPU
		{8B5E3C16-F8A5-4322-9465-700097FDBADB}.Release|Any CPU.ActiveCfg = Release|Any CPU
		{8B5E3C16-F8A5-4322-9465-700097FDBADB}.Release|Any CPU.Build.0 = Release|Any CPU
	EndGlobalSection
	GlobalSection(SolutionProperties) = preSolution
		HideSolutionNode = FALSE
	EndGlobalSection
	GlobalSection(ExtensibilityGlobals) = postSolution
		SolutionGuid = {C75847AF-D0C6-4878-882C-99038D42E2EC}
	EndGlobalSection
EndGlobal
