
Microsoft Visual Studio Solution File, Format Version 12.00
# Visual Studio Version 17
VisualStudioVersion = 17.3.32929.385
MinimumVisualStudioVersion = 10.0.40219.1
Project("{FAE04EC0-301F-11D3-BF4B-00C04F79EFBC}") = "MozaikaKarras", "Mozaika\MozaikaKarras.csproj", "{6EF9BF97-F79B-4370-9CD4-7C3FFC3FB2BE}"
EndProject
Global
	GlobalSection(SolutionConfigurationPlatforms) = preSolution
		Debug|Any CPU = Debug|Any CPU
		Release|Any CPU = Release|Any CPU
	EndGlobalSection
	GlobalSection(ProjectConfigurationPlatforms) = postSolution
		{6EF9BF97-F79B-4370-9CD4-7C3FFC3FB2BE}.Debug|Any CPU.ActiveCfg = Debug|Any CPU
		{6EF9BF97-F79B-4370-9CD4-7C3FFC3FB2BE}.Debug|Any CPU.Build.0 = Debug|Any CPU
		{6EF9BF97-F79B-4370-9CD4-7C3FFC3FB2BE}.Release|Any CPU.ActiveCfg = Release|Any CPU
		{6EF9BF97-F79B-4370-9CD4-7C3FFC3FB2BE}.Release|Any CPU.Build.0 = Release|Any CPU
	EndGlobalSection
	GlobalSection(SolutionProperties) = preSolution
		HideSolutionNode = FALSE
	EndGlobalSection
	GlobalSection(ExtensibilityGlobals) = postSolution
		SolutionGuid = {14EDD042-6FBE-43CF-9107-9E62C71D6FC0}
	EndGlobalSection
EndGlobal
